# THIS IS AN AUTOGENERATED FILE. DO NOT EDIT THIS FILE DIRECTLY.
# yarn lockfile v1


"@csstools/convert-colors@^1.4.0":
  version "1.4.0"
  resolved "https://registry.yarnpkg.com/@csstools/convert-colors/-/convert-colors-1.4.0.tgz#ad495dc41b12e75d588c6db8b9834f08fa131eb7"
  integrity sha512-5a6wqoJV/xEdbRNKVo6I4hO3VjyDq//8q2f9I6PBAvMesJHFauXDorcNCsr9RzvsZnaWi5NYCcfyqP1QeFHFbw==

"@types/estree@0.0.39":
  version "0.0.39"
  resolved "https://registry.yarnpkg.com/@types/estree/-/estree-0.0.39.tgz#e177e699ee1b8c22d23174caaa7422644389509f"
  integrity sha512-EYNwp3bU+98cpU4lAWYYL7Zz+2gryWH1qbdDTidVd6hkiR6weksdbMadyXKXNPEkQFhXM+hVO9ZygomHXp+AIw==

"@types/node@*":
  version "10.12.18"
  resolved "https://registry.yarnpkg.com/@types/node/-/node-10.12.18.tgz#1d3ca764718915584fcd9f6344621b7672665c67"
  integrity sha512-fh+pAqt4xRzPfqA6eh3Z2y6fyZavRIumvjhaCL753+TVkGKGhpPeyrJG2JftD0T9q4GF00KjefsQ+PQNDdWQaQ==

ansi-styles@^3.2.1:
  version "3.2.1"
  resolved "https://registry.yarnpkg.com/ansi-styles/-/ansi-styles-3.2.1.tgz#41fbb20243e50b12be0f04b8dedbf07520ce841d"
  integrity sha512-VT0ZI6kZRdTh8YyJw3SMbYm/u+NqfsAxEpWO0Pf9sq8/e94WxxOpPKx9FR1FlyCtOVDNOQ+8ntlqFxiRc+r5qA==
  dependencies:
    color-convert "^1.9.0"

arr-diff@^2.0.0:
  version "2.0.0"
  resolved "https://registry.yarnpkg.com/arr-diff/-/arr-diff-2.0.0.tgz#8f3b827f955a8bd669697e4a4256ac3ceae356cf"
  integrity sha1-jzuCf5Vai9ZpaX5KQlasPOrjVs8=
  dependencies:
    arr-flatten "^1.0.1"

arr-flatten@^1.0.1:
  version "1.1.0"
  resolved "https://registry.yarnpkg.com/arr-flatten/-/arr-flatten-1.1.0.tgz#36048bbff4e7b47e136644316c99669ea5ae91f1"
  integrity sha512-L3hKV5R/p5o81R7O02IGnwpDmkp6E982XhtbuwSe3O4qOtMMMtodicASA1Cny2U+aCXcNpml+m4dPsvsJ3jatg==

array-unique@^0.2.1:
  version "0.2.1"
  resolved "https://registry.yarnpkg.com/array-unique/-/array-unique-0.2.1.tgz#a1d97ccafcbc2625cc70fadceb36a50c58b01a53"
  integrity sha1-odl8yvy8JiXMcPrc6zalDFiwGlM=

autoprefixer@^9.4.2:
  version "9.4.3"
  resolved "https://registry.yarnpkg.com/autoprefixer/-/autoprefixer-9.4.3.tgz#c97384a8fd80477b78049163a91bbc725d9c41d9"
  integrity sha512-/XSnzDepRkAU//xLcXA/lUWxpsBuw0WiriAHOqnxkuCtzLhaz+fL4it4gp20BQ8n5SyLzK/FOc7A0+u/rti2FQ==
  dependencies:
    browserslist "^4.3.6"
    caniuse-lite "^1.0.30000921"
    normalize-range "^0.1.2"
    num2fraction "^1.2.2"
    postcss "^7.0.6"
    postcss-value-parser "^3.3.1"

balanced-match@^1.0.0:
  version "1.0.0"
  resolved "https://registry.yarnpkg.com/balanced-match/-/balanced-match-1.0.0.tgz#89b4d199ab2bee49de164ea02b89ce462d71b767"
  integrity sha1-ibTRmasr7kneFk6gK4nORi1xt2c=

braces@^1.8.2:
  version "1.8.5"
  resolved "https://registry.yarnpkg.com/braces/-/braces-1.8.5.tgz#ba77962e12dff969d6b76711e914b737857bf6a7"
  integrity sha1-uneWLhLf+WnWt2cR6RS3N4V79qc=
  dependencies:
    expand-range "^1.8.1"
    preserve "^0.2.0"
    repeat-element "^1.1.2"

browserslist@^4.3.5, browserslist@^4.3.6:
  version "4.3.6"
  resolved "https://registry.yarnpkg.com/browserslist/-/browserslist-4.3.6.tgz#0f9d9081afc66b36f477c6bdf3813f784f42396a"
  integrity sha512-kMGKs4BTzRWviZ8yru18xBpx+CyHG9eqgRbj9XbE3IMgtczf4aiA0Y1YCpVdvUieKGZ03kolSPXqTcscBCb9qw==
  dependencies:
    caniuse-lite "^1.0.30000921"
    electron-to-chromium "^1.3.92"
    node-releases "^1.1.1"

buffer-from@^1.0.0:
  version "1.1.1"
  resolved "https://registry.yarnpkg.com/buffer-from/-/buffer-from-1.1.1.tgz#32713bc028f75c02fdb710d7c7bcec1f2c6070ef"
  integrity sha512-MQcXEUbCKtEo7bhqEs6560Hyd4XaovZlO/k9V3hjVUF/zwW7KBVdSK4gIt/bzwS9MbR5qob+F5jusZsb0YQK2A==

builtin-modules@^3.0.0:
  version "3.0.0"
  resolved "https://registry.yarnpkg.com/builtin-modules/-/builtin-modules-3.0.0.tgz#1e587d44b006620d90286cc7a9238bbc6129cab1"
  integrity sha512-hMIeU4K2ilbXV6Uv93ZZ0Avg/M91RaKXucQ+4me2Do1txxBDyDZWCBa5bJSLqoNTRpXTLwEzIk1KmloenDDjhg==

caniuse-lite@^1.0.30000918, caniuse-lite@^1.0.30000921:
  version "1.0.30000923"
  resolved "https://registry.yarnpkg.com/caniuse-lite/-/caniuse-lite-1.0.30000923.tgz#148f9bda508024b5ce957b463ae2e8302b451bb2"
  integrity sha512-j5ur7eeluOFjjPUkydtXP4KFAsmH3XaQNch5tvWSO+dLHYt5PE+VgJZLWtbVOodfWij6m6zas28T4gB/cLYq1w==

chalk@^2.4.1:
  version "2.4.1"
  resolved "https://registry.yarnpkg.com/chalk/-/chalk-2.4.1.tgz#18c49ab16a037b6eb0152cc83e3471338215b66e"
  integrity sha512-ObN6h1v2fTJSmUXoS3nMQ92LbDK9be4TV+6G+omQlGJFdcUX5heKi1LZ1YnRMIgwTLEj3E24bT6tYni50rlCfQ==
  dependencies:
    ansi-styles "^3.2.1"
    escape-string-regexp "^1.0.5"
    supports-color "^5.3.0"

color-convert@^1.9.0:
  version "1.9.3"
  resolved "https://registry.yarnpkg.com/color-convert/-/color-convert-1.9.3.tgz#bb71850690e1f136567de629d2d5471deda4c1e8"
  integrity sha512-QfAUtd+vFdAtFQcC8CCyYt1fYWxSqAiK2cSD6zDB8N3cpsEBAvRxp9zOGg6G/SHHJYAT88/az/IuDGALsNVbGg==
  dependencies:
    color-name "1.1.3"

color-name@1.1.3:
  version "1.1.3"
  resolved "https://registry.yarnpkg.com/color-name/-/color-name-1.1.3.tgz#a7d0558bd89c42f795dd42328f740831ca53bc25"
  integrity sha1-p9BVi9icQveV3UIyj3QIMcpTvCU=

commander@~2.17.1:
  version "2.17.1"
  resolved "https://registry.yarnpkg.com/commander/-/commander-2.17.1.tgz#bd77ab7de6de94205ceacc72f1716d29f20a77bf"
  integrity sha512-wPMUt6FnH2yzG95SA6mzjQOEKUU3aLaDEmzs1ti+1E9h+CsrZghRlqEM/EJ4KscsQVG8uNN4uVreUeT8+drlgg==

css-blank-pseudo@^0.1.4:
  version "0.1.4"
  resolved "https://registry.yarnpkg.com/css-blank-pseudo/-/css-blank-pseudo-0.1.4.tgz#dfdefd3254bf8a82027993674ccf35483bfcb3c5"
  integrity sha512-LHz35Hr83dnFeipc7oqFDmsjHdljj3TQtxGGiNWSOsTLIAubSm4TEz8qCaKFpk7idaQ1GfWscF4E6mgpBysA1w==
  dependencies:
    postcss "^7.0.5"

css-has-pseudo@^0.10.0:
  version "0.10.0"
  resolved "https://registry.yarnpkg.com/css-has-pseudo/-/css-has-pseudo-0.10.0.tgz#3c642ab34ca242c59c41a125df9105841f6966ee"
  integrity sha512-Z8hnfsZu4o/kt+AuFzeGpLVhFOGO9mluyHBaA2bA8aCGTwah5sT3WV/fTHH8UNZUytOIImuGPrl/prlb4oX4qQ==
  dependencies:
    postcss "^7.0.6"
    postcss-selector-parser "^5.0.0-rc.4"

css-prefers-color-scheme@^3.1.1:
  version "3.1.1"
  resolved "https://registry.yarnpkg.com/css-prefers-color-scheme/-/css-prefers-color-scheme-3.1.1.tgz#6f830a2714199d4f0d0d0bb8a27916ed65cff1f4"
  integrity sha512-MTu6+tMs9S3EUqzmqLXEcgNRbNkkD/TGFvowpeoWJn5Vfq7FMgsmRQs9X5NXAURiOBmOxm/lLjsDNXDE6k9bhg==
  dependencies:
    postcss "^7.0.5"

css-tree@1.0.0-alpha.29:
  version "1.0.0-alpha.29"
  resolved "https://registry.yarnpkg.com/css-tree/-/css-tree-1.0.0-alpha.29.tgz#3fa9d4ef3142cbd1c301e7664c1f352bd82f5a39"
  integrity sha512-sRNb1XydwkW9IOci6iB2xmy8IGCj6r/fr+JWitvJ2JxQRPzN3T4AGGVWCMlVmVwM1gtgALJRmGIlWv5ppnGGkg==
  dependencies:
    mdn-data "~1.1.0"
    source-map "^0.5.3"

cssdb@^4.3.0:
  version "4.3.0"
  resolved "https://registry.yarnpkg.com/cssdb/-/cssdb-4.3.0.tgz#2e1229900616f80c66ff2d568ea2b4f92db1c78c"
  integrity sha512-VHPES/+c9s+I0ryNj+PXvp84nz+ms843z/efpaEINwP/QfGsINL3gpLp5qjapzDNzNzbXxur8uxKxSXImrg4ag==

cssesc@^2.0.0:
  version "2.0.0"
  resolved "https://registry.yarnpkg.com/cssesc/-/cssesc-2.0.0.tgz#3b13bd1bb1cb36e1bcb5a4dcd27f54c5dcb35703"
  integrity sha512-MsCAG1z9lPdoO/IUMLSBWBSVxVtJ1395VGIQ+Fc2gNdkQ1hNDnQdw3YhA71WJCBW1vdwA0cAnk/DnW6bqoEUYg==

csso@^3.5.1:
  version "3.5.1"
  resolved "https://registry.yarnpkg.com/csso/-/csso-3.5.1.tgz#7b9eb8be61628973c1b261e169d2f024008e758b"
  integrity sha512-vrqULLffYU1Q2tLdJvaCYbONStnfkfimRxXNaGjxMldI0C7JPBC4rB1RyjhfdZ4m1frm8pM9uRPKH3d2knZ8gg==
  dependencies:
    css-tree "1.0.0-alpha.29"

electron-to-chromium@^1.3.92:
  version "1.3.96"
  resolved "https://registry.yarnpkg.com/electron-to-chromium/-/electron-to-chromium-1.3.96.tgz#25770ec99b8b07706dedf3a5f43fa50cb54c4f9a"
  integrity sha512-ZUXBUyGLeoJxp4Nt6G/GjBRLnyz8IKQGexZ2ndWaoegThgMGFO1tdDYID5gBV32/1S83osjJHyfzvanE/8HY4Q==

escape-string-regexp@^1.0.5:
  version "1.0.5"
  resolved "https://registry.yarnpkg.com/escape-string-regexp/-/escape-string-regexp-1.0.5.tgz#1b61c0562190a8dff6ae3bb2cf0200ca130b86d4"
  integrity sha1-G2HAViGQqN/2rjuyzwIAyhMLhtQ=

estree-walker@^0.5.2:
  version "0.5.2"
  resolved "https://registry.yarnpkg.com/estree-walker/-/estree-walker-0.5.2.tgz#d3850be7529c9580d815600b53126515e146dd39"
  integrity sha512-XpCnW/AE10ws/kDAs37cngSkvgIR8aN3G0MS85m7dUpuK2EREo9VJ00uvw6Dg/hXEpfsE1I1TvJOJr+Z+TL+ig==

expand-brackets@^0.1.4:
  version "0.1.5"
  resolved "https://registry.yarnpkg.com/expand-brackets/-/expand-brackets-0.1.5.tgz#df07284e342a807cd733ac5af72411e581d1177b"
  integrity sha1-3wcoTjQqgHzXM6xa9yQR5YHRF3s=
  dependencies:
    is-posix-bracket "^0.1.0"

expand-range@^1.8.1:
  version "1.8.2"
  resolved "https://registry.yarnpkg.com/expand-range/-/expand-range-1.8.2.tgz#a299effd335fe2721ebae8e257ec79644fc85337"
  integrity sha1-opnv/TNf4nIeuujiV+x5ZE/IUzc=
  dependencies:
    fill-range "^2.1.0"

extglob@^0.3.1:
  version "0.3.2"
  resolved "https://registry.yarnpkg.com/extglob/-/extglob-0.3.2.tgz#2e18ff3d2f49ab2765cec9023f011daa8d8349a1"
  integrity sha1-Lhj/PS9JqydlzskCPwEdqo2DSaE=
  dependencies:
    is-extglob "^1.0.0"

filename-regex@^2.0.0:
  version "2.0.1"
  resolved "https://registry.yarnpkg.com/filename-regex/-/filename-regex-2.0.1.tgz#c1c4b9bee3e09725ddb106b75c1e301fe2f18b26"
  integrity sha1-wcS5vuPglyXdsQa3XB4wH+LxiyY=

fill-range@^2.1.0:
  version "2.2.4"
  resolved "https://registry.yarnpkg.com/fill-range/-/fill-range-2.2.4.tgz#eb1e773abb056dcd8df2bfdf6af59b8b3a936565"
  integrity sha512-cnrcCbj01+j2gTG921VZPnHbjmdAf8oQV/iGeV2kZxGSyfYjjTyY79ErsK1WJWMpw6DaApEX72binqJE+/d+5Q==
  dependencies:
    is-number "^2.1.0"
    isobject "^2.0.0"
    randomatic "^3.0.0"
    repeat-element "^1.1.2"
    repeat-string "^1.5.2"

flatten@^1.0.2:
  version "1.0.2"
  resolved "https://registry.yarnpkg.com/flatten/-/flatten-1.0.2.tgz#dae46a9d78fbe25292258cc1e780a41d95c03782"
  integrity sha1-2uRqnXj74lKSJYzB54CkHZXAN4I=

for-in@^1.0.1:
  version "1.0.2"
  resolved "https://registry.yarnpkg.com/for-in/-/for-in-1.0.2.tgz#81068d295a8142ec0ac726c6e2200c30fb6d5e80"
  integrity sha1-gQaNKVqBQuwKxybG4iAMMPttXoA=

for-own@^0.1.4:
  version "0.1.5"
  resolved "https://registry.yarnpkg.com/for-own/-/for-own-0.1.5.tgz#5265c681a4f294dabbf17c9509b6763aa84510ce"
  integrity sha1-UmXGgaTylNq78XyVCbZ2OqhFEM4=
  dependencies:
    for-in "^1.0.1"

glob-base@^0.3.0:
  version "0.3.0"
  resolved "https://registry.yarnpkg.com/glob-base/-/glob-base-0.3.0.tgz#dbb164f6221b1c0b1ccf82aea328b497df0ea3c4"
  integrity sha1-27Fk9iIbHAscz4Kuoyi0l98Oo8Q=
  dependencies:
    glob-parent "^2.0.0"
    is-glob "^2.0.0"

glob-parent@^2.0.0:
  version "2.0.0"
  resolved "https://registry.yarnpkg.com/glob-parent/-/glob-parent-2.0.0.tgz#81383d72db054fcccf5336daa902f182f6edbb28"
  integrity sha1-gTg9ctsFT8zPUzbaqQLxgvbtuyg=
  dependencies:
    is-glob "^2.0.0"

has-flag@^3.0.0:
  version "3.0.0"
  resolved "https://registry.yarnpkg.com/has-flag/-/has-flag-3.0.0.tgz#b5d454dc2199ae225699f3467e5a07f3b955bafd"
  integrity sha1-tdRU3CGZriJWmfNGfloH87lVuv0=

indexes-of@^1.0.1:
  version "1.0.1"
  resolved "https://registry.yarnpkg.com/indexes-of/-/indexes-of-1.0.1.tgz#f30f716c8e2bd346c7b67d3df3915566a7c05607"
  integrity sha1-8w9xbI4r00bHtn0985FVZqfAVgc=

is-buffer@^1.1.5:
  version "1.1.6"
  resolved "https://registry.yarnpkg.com/is-buffer/-/is-buffer-1.1.6.tgz#efaa2ea9daa0d7ab2ea13a97b2b8ad51fefbe8be"
  integrity sha512-NcdALwpXkTm5Zvvbk7owOUSvVvBKDgKP5/ewfXEznmQFfs4ZRmanOeKBTjRVjka3QFoN6XJ+9F3USqfHqTaU5w==

is-dotfile@^1.0.0:
  version "1.0.3"
  resolved "https://registry.yarnpkg.com/is-dotfile/-/is-dotfile-1.0.3.tgz#a6a2f32ffd2dfb04f5ca25ecd0f6b83cf798a1e1"
  integrity sha1-pqLzL/0t+wT1yiXs0Pa4PPeYoeE=

is-equal-shallow@^0.1.3:
  version "0.1.3"
  resolved "https://registry.yarnpkg.com/is-equal-shallow/-/is-equal-shallow-0.1.3.tgz#2238098fc221de0bcfa5d9eac4c45d638aa1c534"
  integrity sha1-IjgJj8Ih3gvPpdnqxMRdY4qhxTQ=
  dependencies:
    is-primitive "^2.0.0"

is-extendable@^0.1.1:
  version "0.1.1"
  resolved "https://registry.yarnpkg.com/is-extendable/-/is-extendable-0.1.1.tgz#62b110e289a471418e3ec36a617d472e301dfc89"
  integrity sha1-YrEQ4omkcUGOPsNqYX1HLjAd/Ik=

is-extglob@^1.0.0:
  version "1.0.0"
  resolved "https://registry.yarnpkg.com/is-extglob/-/is-extglob-1.0.0.tgz#ac468177c4943405a092fc8f29760c6ffc6206c0"
  integrity sha1-rEaBd8SUNAWgkvyPKXYMb/xiBsA=

is-glob@^2.0.0, is-glob@^2.0.1:
  version "2.0.1"
  resolved "https://registry.yarnpkg.com/is-glob/-/is-glob-2.0.1.tgz#d096f926a3ded5600f3fdfd91198cb0888c2d863"
  integrity sha1-0Jb5JqPe1WAPP9/ZEZjLCIjC2GM=
  dependencies:
    is-extglob "^1.0.0"

is-module@^1.0.0:
  version "1.0.0"
  resolved "https://registry.yarnpkg.com/is-module/-/is-module-1.0.0.tgz#3258fb69f78c14d5b815d664336b4cffb6441591"
  integrity sha1-Mlj7afeMFNW4FdZkM2tM/7ZEFZE=

is-number@^2.1.0:
  version "2.1.0"
  resolved "https://registry.yarnpkg.com/is-number/-/is-number-2.1.0.tgz#01fcbbb393463a548f2f466cce16dece49db908f"
  integrity sha1-Afy7s5NGOlSPL0ZszhbezknbkI8=
  dependencies:
    kind-of "^3.0.2"

is-number@^4.0.0:
  version "4.0.0"
  resolved "https://registry.yarnpkg.com/is-number/-/is-number-4.0.0.tgz#0026e37f5454d73e356dfe6564699867c6a7f0ff"
  integrity sha512-rSklcAIlf1OmFdyAqbnWTLVelsQ58uvZ66S/ZyawjWqIviTWCjg2PzVGw8WUA+nNuPTqb4wgA+NszrJ+08LlgQ==

is-posix-bracket@^0.1.0:
  version "0.1.1"
  resolved "https://registry.yarnpkg.com/is-posix-bracket/-/is-posix-bracket-0.1.1.tgz#3334dc79774368e92f016e6fbc0a88f5cd6e6bc4"
  integrity sha1-MzTceXdDaOkvAW5vvAqI9c1ua8Q=

is-primitive@^2.0.0:
  version "2.0.0"
  resolved "https://registry.yarnpkg.com/is-primitive/-/is-primitive-2.0.0.tgz#207bab91638499c07b2adf240a41a87210034575"
  integrity sha1-IHurkWOEmcB7Kt8kCkGochADRXU=

isarray@1.0.0:
  version "1.0.0"
  resolved "https://registry.yarnpkg.com/isarray/-/isarray-1.0.0.tgz#bb935d48582cba168c06834957a54a3e07124f11"
  integrity sha1-u5NdSFgsuhaMBoNJV6VKPgcSTxE=

isobject@^2.0.0:
  version "2.1.0"
  resolved "https://registry.yarnpkg.com/isobject/-/isobject-2.1.0.tgz#f065561096a3f1da2ef46272f815c840d87e0c89"
  integrity sha1-8GVWEJaj8dou9GJy+BXIQNh+DIk=
  dependencies:
    isarray "1.0.0"

kind-of@^3.0.2:
  version "3.2.2"
  resolved "https://registry.yarnpkg.com/kind-of/-/kind-of-3.2.2.tgz#31ea21a734bab9bbb0f32466d893aea51e4a3c64"
  integrity sha1-MeohpzS6ubuw8yRm2JOupR5KPGQ=
  dependencies:
    is-buffer "^1.1.5"

kind-of@^6.0.0:
  version "6.0.2"
  resolved "https://registry.yarnpkg.com/kind-of/-/kind-of-6.0.2.tgz#01146b36a6218e64e58f3a8d66de5d7fc6f6d051"
  integrity sha512-s5kLOcnH0XqDO+FvuaLX8DDjZ18CGFk7VygH40QoKPUQhW4e2rvM0rwUq0t8IQDOwYSeLK01U90OjzBTme2QqA==

lodash._reinterpolate@~3.0.0:
  version "3.0.0"
  resolved "https://registry.yarnpkg.com/lodash._reinterpolate/-/lodash._reinterpolate-3.0.0.tgz#0ccf2d89166af03b3663c796538b75ac6e114d9d"
  integrity sha1-DM8tiRZq8Ds2Y8eWU4t1rG4RTZ0=

lodash.template@^4.2.4:
  version "4.4.0"
  resolved "https://registry.yarnpkg.com/lodash.template/-/lodash.template-4.4.0.tgz#e73a0385c8355591746e020b99679c690e68fba0"
  integrity sha1-5zoDhcg1VZF0bgILmWecaQ5o+6A=
  dependencies:
    lodash._reinterpolate "~3.0.0"
    lodash.templatesettings "^4.0.0"

lodash.templatesettings@^4.0.0:
  version "4.1.0"
  resolved "https://registry.yarnpkg.com/lodash.templatesettings/-/lodash.templatesettings-4.1.0.tgz#2b4d4e95ba440d915ff08bc899e4553666713316"
  integrity sha1-K01OlbpEDZFf8IvImeRVNmZxMxY=
  dependencies:
    lodash._reinterpolate "~3.0.0"

math-random@^1.0.1:
  version "1.0.1"
  resolved "https://registry.yarnpkg.com/math-random/-/math-random-1.0.1.tgz#8b3aac588b8a66e4975e3cdea67f7bb329601fac"
  integrity sha1-izqsWIuKZuSXXjzepn97sylgH6w=

mdn-data@~1.1.0:
  version "1.1.4"
  resolved "https://registry.yarnpkg.com/mdn-data/-/mdn-data-1.1.4.tgz#50b5d4ffc4575276573c4eedb8780812a8419f01"
  integrity sha512-FSYbp3lyKjyj3E7fMl6rYvUdX0FBXaluGqlFoYESWQlyUTq8R+wp0rkFxoYFqZlHCvsUXGjyJmLQSnXToYhOSA==

micromatch@^2.3.11:
  version "2.3.11"
  resolved "https://registry.yarnpkg.com/micromatch/-/micromatch-2.3.11.tgz#86677c97d1720b363431d04d0d15293bd38c1565"
  integrity sha1-hmd8l9FyCzY0MdBNDRUpO9OMFWU=
  dependencies:
    arr-diff "^2.0.0"
    array-unique "^0.2.1"
    braces "^1.8.2"
    expand-brackets "^0.1.4"
    extglob "^0.3.1"
    filename-regex "^2.0.0"
    is-extglob "^1.0.0"
    is-glob "^2.0.1"
    kind-of "^3.0.2"
    normalize-path "^2.0.1"
    object.omit "^2.0.0"
    parse-glob "^3.0.4"
    regex-cache "^0.4.2"

node-releases@^1.1.1:
  version "1.1.2"
  resolved "https://registry.yarnpkg.com/node-releases/-/node-releases-1.1.2.tgz#93c17fba5eec8650ad908de5433fa8763baebe4d"
  integrity sha512-j1gEV/zX821yxdWp/1vBMN0pSUjuH9oGUdLCb4PfUko6ZW7KdRs3Z+QGGwDUhYtSpQvdVVyLd2V0YvLsmdg5jQ==
  dependencies:
    semver "^5.3.0"

normalize-path@^2.0.1:
  version "2.1.1"
  resolved "https://registry.yarnpkg.com/normalize-path/-/normalize-path-2.1.1.tgz#1ab28b556e198363a8c1a6f7e6fa20137fe6aed9"
  integrity sha1-GrKLVW4Zg2Oowab35vogE3/mrtk=
  dependencies:
    remove-trailing-separator "^1.0.1"

normalize-range@^0.1.2:
  version "0.1.2"
  resolved "https://registry.yarnpkg.com/normalize-range/-/normalize-range-0.1.2.tgz#2d10c06bdfd312ea9777695a4d28439456b75942"
  integrity sha1-LRDAa9/TEuqXd2laTShDlFa3WUI=

num2fraction@^1.2.2:
  version "1.2.2"
  resolved "https://registry.yarnpkg.com/num2fraction/-/num2fraction-1.2.2.tgz#6f682b6a027a4e9ddfa4564cd2589d1d4e669ede"
  integrity sha1-b2gragJ6Tp3fpFZM0lidHU5mnt4=

object.omit@^2.0.0:
  version "2.0.1"
  resolved "https://registry.yarnpkg.com/object.omit/-/object.omit-2.0.1.tgz#1a9c744829f39dbb858c76ca3579ae2a54ebd1fa"
  integrity sha1-Gpx0SCnznbuFjHbKNXmuKlTr0fo=
  dependencies:
    for-own "^0.1.4"
    is-extendable "^0.1.1"

parse-glob@^3.0.4:
  version "3.0.4"
  resolved "https://registry.yarnpkg.com/parse-glob/-/parse-glob-3.0.4.tgz#b2c376cfb11f35513badd173ef0bb6e3a388391c"
  integrity sha1-ssN2z7EfNVE7rdFz7wu246OIORw=
  dependencies:
    glob-base "^0.3.0"
    is-dotfile "^1.0.0"
    is-extglob "^1.0.0"
    is-glob "^2.0.0"

path-parse@^1.0.6:
  version "1.0.6"
  resolved "https://registry.yarnpkg.com/path-parse/-/path-parse-1.0.6.tgz#d62dbb5679405d72c4737ec58600e9ddcf06d24c"
  integrity sha512-GSmOT2EbHrINBf9SR7CDELwlJ8AENk3Qn7OikK4nFYAu3Ote2+JYNVvkpAEQm3/TLNEJFD/xZJjzyxg3KBWOzw==

postcss-attribute-case-insensitive@^4.0.0:
  version "4.0.0"
  resolved "https://registry.yarnpkg.com/postcss-attribute-case-insensitive/-/postcss-attribute-case-insensitive-4.0.0.tgz#807b6a797ad8bf1c821b2d51cf641e9dd3837624"
  integrity sha512-K/zqdg0/UgUgC8qR0lDuxYzmowPpnvrrNC5YuoqzhHMubR9AuhsPlpVu3jjkLHgDAzR+ohD/m7//iGnN9WxbzQ==
  dependencies:
    postcss "^7.0.2"
    postcss-selector-parser "^5.0.0-rc.3"

postcss-color-functional-notation@^2.0.1:
  version "2.0.1"
  resolved "https://registry.yarnpkg.com/postcss-color-functional-notation/-/postcss-color-functional-notation-2.0.1.tgz#5efd37a88fbabeb00a2966d1e53d98ced93f74e0"
  integrity sha512-ZBARCypjEDofW4P6IdPVTLhDNXPRn8T2s1zHbZidW6rPaaZvcnCS2soYFIQJrMZSxiePJ2XIYTlcb2ztr/eT2g==
  dependencies:
    postcss "^7.0.2"
    postcss-values-parser "^2.0.0"

postcss-color-gray@^5.0.0:
  version "5.0.0"
  resolved "https://registry.yarnpkg.com/postcss-color-gray/-/postcss-color-gray-5.0.0.tgz#532a31eb909f8da898ceffe296fdc1f864be8547"
  integrity sha512-q6BuRnAGKM/ZRpfDascZlIZPjvwsRye7UDNalqVz3s7GDxMtqPY6+Q871liNxsonUw8oC61OG+PSaysYpl1bnw==
  dependencies:
    "@csstools/convert-colors" "^1.4.0"
    postcss "^7.0.5"
    postcss-values-parser "^2.0.0"

postcss-color-hex-alpha@^5.0.2:
  version "5.0.2"
  resolved "https://registry.yarnpkg.com/postcss-color-hex-alpha/-/postcss-color-hex-alpha-5.0.2.tgz#e9b1886bb038daed33f6394168c210b40bb4fdb6"
  integrity sha512-8bIOzQMGdZVifoBQUJdw+yIY00omBd2EwkJXepQo9cjp1UOHHHoeRDeSzTP6vakEpaRc6GAIOfvcQR7jBYaG5Q==
  dependencies:
    postcss "^7.0.2"
    postcss-values-parser "^2.0.0"

postcss-color-mod-function@^3.0.3:
  version "3.0.3"
  resolved "https://registry.yarnpkg.com/postcss-color-mod-function/-/postcss-color-mod-function-3.0.3.tgz#816ba145ac11cc3cb6baa905a75a49f903e4d31d"
  integrity sha512-YP4VG+xufxaVtzV6ZmhEtc+/aTXH3d0JLpnYfxqTvwZPbJhWqp8bSY3nfNzNRFLgB4XSaBA82OE4VjOOKpCdVQ==
  dependencies:
    "@csstools/convert-colors" "^1.4.0"
    postcss "^7.0.2"
    postcss-values-parser "^2.0.0"

postcss-color-rebeccapurple@^4.0.1:
  version "4.0.1"
  resolved "https://registry.yarnpkg.com/postcss-color-rebeccapurple/-/postcss-color-rebeccapurple-4.0.1.tgz#c7a89be872bb74e45b1e3022bfe5748823e6de77"
  integrity sha512-aAe3OhkS6qJXBbqzvZth2Au4V3KieR5sRQ4ptb2b2O8wgvB3SJBsdG+jsn2BZbbwekDG8nTfcCNKcSfe/lEy8g==
  dependencies:
    postcss "^7.0.2"
    postcss-values-parser "^2.0.0"

postcss-custom-media@^7.0.7:
  version "7.0.7"
  resolved "https://registry.yarnpkg.com/postcss-custom-media/-/postcss-custom-media-7.0.7.tgz#bbc698ed3089ded61aad0f5bfb1fb48bf6969e73"
  integrity sha512-bWPCdZKdH60wKOTG4HKEgxWnZVjAIVNOJDvi3lkuTa90xo/K0YHa2ZnlKLC5e2qF8qCcMQXt0yzQITBp8d0OFA==
  dependencies:
    postcss "^7.0.5"

postcss-custom-properties@^8.0.9:
  version "8.0.9"
  resolved "https://registry.yarnpkg.com/postcss-custom-properties/-/postcss-custom-properties-8.0.9.tgz#8943870528a6eae4c8e8d285b6ccc9fd1f97e69c"
  integrity sha512-/Lbn5GP2JkKhgUO2elMs4NnbUJcvHX4AaF5nuJDaNkd2chYW1KA5qtOGGgdkBEWcXtKSQfHXzT7C6grEVyb13w==
  dependencies:
    postcss "^7.0.5"
    postcss-values-parser "^2.0.0"

postcss-custom-selectors@^5.1.2:
  version "5.1.2"
  resolved "https://registry.yarnpkg.com/postcss-custom-selectors/-/postcss-custom-selectors-5.1.2.tgz#64858c6eb2ecff2fb41d0b28c9dd7b3db4de7fba"
  integrity sha512-DSGDhqinCqXqlS4R7KGxL1OSycd1lydugJ1ky4iRXPHdBRiozyMHrdu0H3o7qNOCiZwySZTUI5MV0T8QhCLu+w==
  dependencies:
    postcss "^7.0.2"
    postcss-selector-parser "^5.0.0-rc.3"

postcss-dir-pseudo-class@^5.0.0:
  version "5.0.0"
  resolved "https://registry.yarnpkg.com/postcss-dir-pseudo-class/-/postcss-dir-pseudo-class-5.0.0.tgz#6e3a4177d0edb3abcc85fdb6fbb1c26dabaeaba2"
  integrity sha512-3pm4oq8HYWMZePJY+5ANriPs3P07q+LW6FAdTlkFH2XqDdP4HeeJYMOzn0HYLhRSjBO3fhiqSwwU9xEULSrPgw==
  dependencies:
    postcss "^7.0.2"
    postcss-selector-parser "^5.0.0-rc.3"

postcss-double-position-gradients@^1.0.0:
  version "1.0.0"
  resolved "https://registry.yarnpkg.com/postcss-double-position-gradients/-/postcss-double-position-gradients-1.0.0.tgz#fc927d52fddc896cb3a2812ebc5df147e110522e"
  integrity sha512-G+nV8EnQq25fOI8CH/B6krEohGWnF5+3A6H/+JEpOncu5dCnkS1QQ6+ct3Jkaepw1NGVqqOZH6lqrm244mCftA==
  dependencies:
    postcss "^7.0.5"
    postcss-values-parser "^2.0.0"

postcss-env-function@^2.0.2:
  version "2.0.2"
  resolved "https://registry.yarnpkg.com/postcss-env-function/-/postcss-env-function-2.0.2.tgz#0f3e3d3c57f094a92c2baf4b6241f0b0da5365d7"
  integrity sha512-rwac4BuZlITeUbiBq60h/xbLzXY43qOsIErngWa4l7Mt+RaSkT7QBjXVGTcBHupykkblHMDrBFh30zchYPaOUw==
  dependencies:
    postcss "^7.0.2"
    postcss-values-parser "^2.0.0"

postcss-focus-visible@^4.0.0:
  version "4.0.0"
  resolved "https://registry.yarnpkg.com/postcss-focus-visible/-/postcss-focus-visible-4.0.0.tgz#477d107113ade6024b14128317ade2bd1e17046e"
  integrity sha512-Z5CkWBw0+idJHSV6+Bgf2peDOFf/x4o+vX/pwcNYrWpXFrSfTkQ3JQ1ojrq9yS+upnAlNRHeg8uEwFTgorjI8g==
  dependencies:
    postcss "^7.0.2"

postcss-focus-within@^3.0.0:
  version "3.0.0"
  resolved "https://registry.yarnpkg.com/postcss-focus-within/-/postcss-focus-within-3.0.0.tgz#763b8788596cee9b874c999201cdde80659ef680"
  integrity sha512-W0APui8jQeBKbCGZudW37EeMCjDeVxKgiYfIIEo8Bdh5SpB9sxds/Iq8SEuzS0Q4YFOlG7EPFulbbxujpkrV2w==
  dependencies:
    postcss "^7.0.2"

postcss-font-variant@^4.0.0:
  version "4.0.0"
  resolved "https://registry.yarnpkg.com/postcss-font-variant/-/postcss-font-variant-4.0.0.tgz#71dd3c6c10a0d846c5eda07803439617bbbabacc"
  integrity sha512-M8BFYKOvCrI2aITzDad7kWuXXTm0YhGdP9Q8HanmN4EF1Hmcgs1KK5rSHylt/lUJe8yLxiSwWAHdScoEiIxztg==
  dependencies:
    postcss "^7.0.2"

postcss-gap-properties@^2.0.0:
  version "2.0.0"
  resolved "https://registry.yarnpkg.com/postcss-gap-properties/-/postcss-gap-properties-2.0.0.tgz#431c192ab3ed96a3c3d09f2ff615960f902c1715"
  integrity sha512-QZSqDaMgXCHuHTEzMsS2KfVDOq7ZFiknSpkrPJY6jmxbugUPTuSzs/vuE5I3zv0WAS+3vhrlqhijiprnuQfzmg==
  dependencies:
    postcss "^7.0.2"

postcss-image-set-function@^3.0.1:
  version "3.0.1"
  resolved "https://registry.yarnpkg.com/postcss-image-set-function/-/postcss-image-set-function-3.0.1.tgz#28920a2f29945bed4c3198d7df6496d410d3f288"
  integrity sha512-oPTcFFip5LZy8Y/whto91L9xdRHCWEMs3e1MdJxhgt4jy2WYXfhkng59fH5qLXSCPN8k4n94p1Czrfe5IOkKUw==
  dependencies:
    postcss "^7.0.2"
    postcss-values-parser "^2.0.0"

postcss-initial@^3.0.0:
  version "3.0.0"
  resolved "https://registry.yarnpkg.com/postcss-initial/-/postcss-initial-3.0.0.tgz#1772512faf11421b791fb2ca6879df5f68aa0517"
  integrity sha512-WzrqZ5nG9R9fUtrA+we92R4jhVvEB32IIRTzfIG/PLL8UV4CvbF1ugTEHEFX6vWxl41Xt5RTCJPEZkuWzrOM+Q==
  dependencies:
    lodash.template "^4.2.4"
    postcss "^7.0.2"

postcss-lab-function@^2.0.1:
  version "2.0.1"
  resolved "https://registry.yarnpkg.com/postcss-lab-function/-/postcss-lab-function-2.0.1.tgz#bb51a6856cd12289ab4ae20db1e3821ef13d7d2e"
  integrity sha512-whLy1IeZKY+3fYdqQFuDBf8Auw+qFuVnChWjmxm/UhHWqNHZx+B99EwxTvGYmUBqe3Fjxs4L1BoZTJmPu6usVg==
  dependencies:
    "@csstools/convert-colors" "^1.4.0"
    postcss "^7.0.2"
    postcss-values-parser "^2.0.0"

postcss-logical@^3.0.0:
  version "3.0.0"
  resolved "https://registry.yarnpkg.com/postcss-logical/-/postcss-logical-3.0.0.tgz#2495d0f8b82e9f262725f75f9401b34e7b45d5b5"
  integrity sha512-1SUKdJc2vuMOmeItqGuNaC+N8MzBWFWEkAnRnLpFYj1tGGa7NqyVBujfRtgNa2gXR+6RkGUiB2O5Vmh7E2RmiA==
  dependencies:
    postcss "^7.0.2"

postcss-media-minmax@^4.0.0:
  version "4.0.0"
  resolved "https://registry.yarnpkg.com/postcss-media-minmax/-/postcss-media-minmax-4.0.0.tgz#b75bb6cbc217c8ac49433e12f22048814a4f5ed5"
  integrity sha512-fo9moya6qyxsjbFAYl97qKO9gyre3qvbMnkOZeZwlsW6XYFsvs2DMGDlchVLfAd8LHPZDxivu/+qW2SMQeTHBw==
  dependencies:
    postcss "^7.0.2"

postcss-nesting@^7.0.0:
  version "7.0.0"
  resolved "https://registry.yarnpkg.com/postcss-nesting/-/postcss-nesting-7.0.0.tgz#6e26a770a0c8fcba33782a6b6f350845e1a448f6"
  integrity sha512-WSsbVd5Ampi3Y0nk/SKr5+K34n52PqMqEfswu6RtU4r7wA8vSD+gM8/D9qq4aJkHImwn1+9iEFTbjoWsQeqtaQ==
  dependencies:
    postcss "^7.0.2"

postcss-overflow-shorthand@^2.0.0:
  version "2.0.0"
  resolved "https://registry.yarnpkg.com/postcss-overflow-shorthand/-/postcss-overflow-shorthand-2.0.0.tgz#31ecf350e9c6f6ddc250a78f0c3e111f32dd4c30"
  integrity sha512-aK0fHc9CBNx8jbzMYhshZcEv8LtYnBIRYQD5i7w/K/wS9c2+0NSR6B3OVMu5y0hBHYLcMGjfU+dmWYNKH0I85g==
  dependencies:
    postcss "^7.0.2"

postcss-page-break@^2.0.0:
  version "2.0.0"
  resolved "https://registry.yarnpkg.com/postcss-page-break/-/postcss-page-break-2.0.0.tgz#add52d0e0a528cabe6afee8b46e2abb277df46bf"
  integrity sha512-tkpTSrLpfLfD9HvgOlJuigLuk39wVTbbd8RKcy8/ugV2bNBUW3xU+AIqyxhDrQr1VUj1RmyJrBn1YWrqUm9zAQ==
  dependencies:
    postcss "^7.0.2"

postcss-place@^4.0.1:
  version "4.0.1"
  resolved "https://registry.yarnpkg.com/postcss-place/-/postcss-place-4.0.1.tgz#e9f39d33d2dc584e46ee1db45adb77ca9d1dcc62"
  integrity sha512-Zb6byCSLkgRKLODj/5mQugyuj9bvAAw9LqJJjgwz5cYryGeXfFZfSXoP1UfveccFmeq0b/2xxwcTEVScnqGxBg==
  dependencies:
    postcss "^7.0.2"
    postcss-values-parser "^2.0.0"

postcss-preset-env@^6.5.0:
  version "6.5.0"
  resolved "https://registry.yarnpkg.com/postcss-preset-env/-/postcss-preset-env-6.5.0.tgz#a14b8f6e748b2a3a4a02a56f36c390f30073b9e1"
  integrity sha512-RdsIrYJd9p9AouQoJ8dFP5ksBJEIegA4q4WzJDih8nevz3cZyIP/q1Eaw3pTVpUAu3n7Y32YmvAW3X07mSRGkw==
  dependencies:
    autoprefixer "^9.4.2"
    browserslist "^4.3.5"
    caniuse-lite "^1.0.30000918"
    css-blank-pseudo "^0.1.4"
    css-has-pseudo "^0.10.0"
    css-prefers-color-scheme "^3.1.1"
    cssdb "^4.3.0"
    postcss "^7.0.6"
    postcss-attribute-case-insensitive "^4.0.0"
    postcss-color-functional-notation "^2.0.1"
    postcss-color-gray "^5.0.0"
    postcss-color-hex-alpha "^5.0.2"
    postcss-color-mod-function "^3.0.3"
    postcss-color-rebeccapurple "^4.0.1"
    postcss-custom-media "^7.0.7"
    postcss-custom-properties "^8.0.9"
    postcss-custom-selectors "^5.1.2"
    postcss-dir-pseudo-class "^5.0.0"
    postcss-double-position-gradients "^1.0.0"
    postcss-env-function "^2.0.2"
    postcss-focus-visible "^4.0.0"
    postcss-focus-within "^3.0.0"
    postcss-font-variant "^4.0.0"
    postcss-gap-properties "^2.0.0"
    postcss-image-set-function "^3.0.1"
    postcss-initial "^3.0.0"
    postcss-lab-function "^2.0.1"
    postcss-logical "^3.0.0"
    postcss-media-minmax "^4.0.0"
    postcss-nesting "^7.0.0"
    postcss-overflow-shorthand "^2.0.0"
    postcss-page-break "^2.0.0"
    postcss-place "^4.0.1"
    postcss-pseudo-class-any-link "^6.0.0"
    postcss-replace-overflow-wrap "^3.0.0"
    postcss-selector-matches "^4.0.0"
    postcss-selector-not "^4.0.0"

postcss-pseudo-class-any-link@^6.0.0:
  version "6.0.0"
  resolved "https://registry.yarnpkg.com/postcss-pseudo-class-any-link/-/postcss-pseudo-class-any-link-6.0.0.tgz#2ed3eed393b3702879dec4a87032b210daeb04d1"
  integrity sha512-lgXW9sYJdLqtmw23otOzrtbDXofUdfYzNm4PIpNE322/swES3VU9XlXHeJS46zT2onFO7V1QFdD4Q9LiZj8mew==
  dependencies:
    postcss "^7.0.2"
    postcss-selector-parser "^5.0.0-rc.3"

postcss-replace-overflow-wrap@^3.0.0:
  version "3.0.0"
  resolved "https://registry.yarnpkg.com/postcss-replace-overflow-wrap/-/postcss-replace-overflow-wrap-3.0.0.tgz#61b360ffdaedca84c7c918d2b0f0d0ea559ab01c"
  integrity sha512-2T5hcEHArDT6X9+9dVSPQdo7QHzG4XKclFT8rU5TzJPDN7RIRTbO9c4drUISOVemLj03aezStHCR2AIcr8XLpw==
  dependencies:
    postcss "^7.0.2"

postcss-selector-matches@^4.0.0:
  version "4.0.0"
  resolved "https://registry.yarnpkg.com/postcss-selector-matches/-/postcss-selector-matches-4.0.0.tgz#71c8248f917ba2cc93037c9637ee09c64436fcff"
  integrity sha512-LgsHwQR/EsRYSqlwdGzeaPKVT0Ml7LAT6E75T8W8xLJY62CE4S/l03BWIt3jT8Taq22kXP08s2SfTSzaraoPww==
  dependencies:
    balanced-match "^1.0.0"
    postcss "^7.0.2"

postcss-selector-not@^4.0.0:
  version "4.0.0"
  resolved "https://registry.yarnpkg.com/postcss-selector-not/-/postcss-selector-not-4.0.0.tgz#c68ff7ba96527499e832724a2674d65603b645c0"
  integrity sha512-W+bkBZRhqJaYN8XAnbbZPLWMvZD1wKTu0UxtFKdhtGjWYmxhkUneoeOhRJKdAE5V7ZTlnbHfCR+6bNwK9e1dTQ==
  dependencies:
    balanced-match "^1.0.0"
    postcss "^7.0.2"

postcss-selector-parser@^5.0.0-rc.3, postcss-selector-parser@^5.0.0-rc.4:
  version "5.0.0-rc.4"
  resolved "https://registry.yarnpkg.com/postcss-selector-parser/-/postcss-selector-parser-5.0.0-rc.4.tgz#ca5e77238bf152966378c13e91ad6d611568ea87"
  integrity sha512-0XvfYuShrKlTk1ooUrVzMCFQRcypsdEIsGqh5IxC5rdtBi4/M/tDAJeSONwC2MTqEFsmPZYAV7Dd4X8rgAfV0A==
  dependencies:
    cssesc "^2.0.0"
    indexes-of "^1.0.1"
    uniq "^1.0.1"

postcss-value-parser@^3.3.1:
  version "3.3.1"
  resolved "https://registry.yarnpkg.com/postcss-value-parser/-/postcss-value-parser-3.3.1.tgz#9ff822547e2893213cf1c30efa51ac5fd1ba8281"
  integrity sha512-pISE66AbVkp4fDQ7VHBwRNXzAAKJjw4Vw7nWI/+Q3vuly7SNfgYXvm6i5IgFylHGK5sP/xHAbB7N49OS4gWNyQ==

postcss-values-parser@^2.0.0:
  version "2.0.0"
  resolved "https://registry.yarnpkg.com/postcss-values-parser/-/postcss-values-parser-2.0.0.tgz#1ba42cae31367c44f96721cb5eb99462bfb39705"
  integrity sha512-cyRdkgbRRefu91ByAlJow4y9w/hnBmmWgLpWmlFQ2bpIy2eKrqowt3VeYcaHQ08otVXmC9V2JtYW1Z/RpvYR8A==
  dependencies:
    flatten "^1.0.2"
    indexes-of "^1.0.1"
    uniq "^1.0.1"

postcss@^7.0.2, postcss@^7.0.5, postcss@^7.0.6:
  version "7.0.7"
  resolved "https://registry.yarnpkg.com/postcss/-/postcss-7.0.7.tgz#2754d073f77acb4ef08f1235c36c5721a7201614"
  integrity sha512-HThWSJEPkupqew2fnuQMEI2YcTj/8gMV3n80cMdJsKxfIh5tHf7nM5JigNX6LxVMqo6zkgQNAI88hyFvBk41Pg==
  dependencies:
    chalk "^2.4.1"
    source-map "^0.6.1"
    supports-color "^5.5.0"

preserve@^0.2.0:
  version "0.2.0"
  resolved "https://registry.yarnpkg.com/preserve/-/preserve-0.2.0.tgz#815ed1f6ebc65926f865b310c0713bcb3315ce4b"
  integrity sha1-gV7R9uvGWSb4ZbMQwHE7yzMVzks=

prettier@^1.15.3:
  version "1.15.3"
  resolved "https://registry.yarnpkg.com/prettier/-/prettier-1.15.3.tgz#1feaac5bdd181237b54dbe65d874e02a1472786a"
  integrity sha512-gAU9AGAPMaKb3NNSUUuhhFAS7SCO4ALTN4nRIn6PJ075Qd28Yn2Ig2ahEJWdJwJmlEBTUfC7mMUSFy8MwsOCfg==

randomatic@^3.0.0:
  version "3.1.1"
  resolved "https://registry.yarnpkg.com/randomatic/-/randomatic-3.1.1.tgz#b776efc59375984e36c537b2f51a1f0aff0da1ed"
  integrity sha512-TuDE5KxZ0J461RVjrJZCJc+J+zCkTb1MbH9AQUq68sMhOMcy9jLcb3BrZKgp9q9Ncltdg4QVqWrH02W2EFFVYw==
  dependencies:
    is-number "^4.0.0"
    kind-of "^6.0.0"
    math-random "^1.0.1"

regex-cache@^0.4.2:
  version "0.4.4"
  resolved "https://registry.yarnpkg.com/regex-cache/-/regex-cache-0.4.4.tgz#75bdc58a2a1496cec48a12835bc54c8d562336dd"
  integrity sha512-nVIZwtCjkC9YgvWkpM55B5rBhBYRZhAaJbgcFYXXsHnbZ9UZI9nnVWYZpBlCqv9ho2eZryPnWrZGsOdPwVWXWQ==
  dependencies:
    is-equal-shallow "^0.1.3"

remove-trailing-separator@^1.0.1:
  version "1.1.0"
  resolved "https://registry.yarnpkg.com/remove-trailing-separator/-/remove-trailing-separator-1.1.0.tgz#c24bce2a283adad5bc3f58e0d48249b92379d8ef"
  integrity sha1-wkvOKig62tW8P1jg1IJJuSN52O8=

repeat-element@^1.1.2:
  version "1.1.3"
  resolved "https://registry.yarnpkg.com/repeat-element/-/repeat-element-1.1.3.tgz#782e0d825c0c5a3bb39731f84efee6b742e6b1ce"
  integrity sha512-ahGq0ZnV5m5XtZLMb+vP76kcAM5nkLqk0lpqAuojSKGgQtn4eRi4ZZGm2olo2zKFH+sMsWaqOCW1dqAnOru72g==

repeat-string@^1.5.2:
  version "1.6.1"
  resolved "https://registry.yarnpkg.com/repeat-string/-/repeat-string-1.6.1.tgz#8dcae470e1c88abc2d600fff4a776286da75e637"
  integrity sha1-jcrkcOHIirwtYA//Sndihtp15jc=

resolve@^1.8.1:
  version "1.9.0"
  resolved "https://registry.yarnpkg.com/resolve/-/resolve-1.9.0.tgz#a14c6fdfa8f92a7df1d996cb7105fa744658ea06"
  integrity sha512-TZNye00tI67lwYvzxCxHGjwTNlUV70io54/Ed4j6PscB8xVfuBJpRenI/o6dVk0cY0PYTY27AgCoGGxRnYuItQ==
  dependencies:
    path-parse "^1.0.6"

rollup-plugin-node-resolve@^4.0.0:
  version "4.0.0"
  resolved "https://registry.yarnpkg.com/rollup-plugin-node-resolve/-/rollup-plugin-node-resolve-4.0.0.tgz#9bc6b8205e9936cc0e26bba2415f1ecf1e64d9b2"
  integrity sha512-7Ni+/M5RPSUBfUaP9alwYQiIKnKeXCOHiqBpKUl9kwp3jX5ZJtgXAait1cne6pGEVUUztPD6skIKH9Kq9sNtfw==
  dependencies:
    builtin-modules "^3.0.0"
    is-module "^1.0.0"
    resolve "^1.8.1"

rollup-pluginutils@^2.3.3:
  version "2.3.3"
  resolved "https://registry.yarnpkg.com/rollup-pluginutils/-/rollup-pluginutils-2.3.3.tgz#3aad9b1eb3e7fe8262820818840bf091e5ae6794"
  integrity sha512-2XZwja7b6P5q4RZ5FhyX1+f46xi1Z3qBKigLRZ6VTZjwbN0K1IFGMlwm06Uu0Emcre2Z63l77nq/pzn+KxIEoA==
  dependencies:
    estree-walker "^0.5.2"
    micromatch "^2.3.11"

rollup@^0.68.1:
  version "0.68.1"
  resolved "https://registry.yarnpkg.com/rollup/-/rollup-0.68.1.tgz#40d03872d3b05848fb023b12ebf7c6d69cab84c5"
  integrity sha512-8DNKos2p/B7gDoxI42kyIHHX8d+Zt+bwhjUgXnTqnSP+CSPkRNNIQyHIcTqeGdYWR70qG6c1DaRcrjWAiG6Akg==
  dependencies:
    "@types/estree" "0.0.39"
    "@types/node" "*"

semver@^5.3.0:
  version "5.6.0"
  resolved "https://registry.yarnpkg.com/semver/-/semver-5.6.0.tgz#7e74256fbaa49c75aa7c7a205cc22799cac80004"
  integrity sha512-RS9R6R35NYgQn++fkDWaOmqGoj4Ek9gGs+DPxNUZKuwE183xjJroKvyo1IzVFeXvUrvmALy6FWD5xrdJT25gMg==

source-map-support@~0.5.6:
  version "0.5.9"
  resolved "https://registry.yarnpkg.com/source-map-support/-/source-map-support-0.5.9.tgz#41bc953b2534267ea2d605bccfa7bfa3111ced5f"
  integrity sha512-gR6Rw4MvUlYy83vP0vxoVNzM6t8MUXqNuRsuBmBHQDu1Fh6X015FrLdgoDKcNdkwGubozq0P4N0Q37UyFVr1EA==
  dependencies:
    buffer-from "^1.0.0"
    source-map "^0.6.0"

source-map@^0.5.3:
  version "0.5.7"
  resolved "https://registry.yarnpkg.com/source-map/-/source-map-0.5.7.tgz#8a039d2d1021d22d1ea14c80d8ea468ba2ef3fcc"
  integrity sha1-igOdLRAh0i0eoUyA2OpGi6LvP8w=

source-map@^0.6.0, source-map@^0.6.1, source-map@~0.6.1:
  version "0.6.1"
  resolved "https://registry.yarnpkg.com/source-map/-/source-map-0.6.1.tgz#74722af32e9614e9c287a8d0bbde48b5e2f1a263"
  integrity sha512-UjgapumWlbMhkBgzT7Ykc5YXUT46F0iKu8SGXq0bcwP5dz/h0Plj6enJqjz1Zbq2l5WaqYnrVbwWOWMyF3F47g==

supports-color@^5.3.0, supports-color@^5.5.0:
  version "5.5.0"
  resolved "https://registry.yarnpkg.com/supports-color/-/supports-color-5.5.0.tgz#e2e69a44ac8772f78a1ec0b35b689df6530efc8f"
  integrity sha512-QjVjwdXIt408MIiAqCX4oUKsgU2EqAGzs2Ppkm4aQYbjm+ZEWEcW4SfFNTr4uMNZma0ey4f5lgLrkB0aX0QMow==
  dependencies:
    has-flag "^3.0.0"

terser@^3.13.1:
  version "3.13.1"
  resolved "https://registry.yarnpkg.com/terser/-/terser-3.13.1.tgz#a02e8827fb9705fe7b609c31093d010b28cea8eb"
  integrity sha512-ogyZye4DFqOtMzT92Y3Nxxw8OvXmL39HOALro4fc+EUYFFF9G/kk0znkvwMz6PPYgBtdKAodh3FPR70eugdaQA==
  dependencies:
    commander "~2.17.1"
    source-map "~0.6.1"
    source-map-support "~0.5.6"

uniq@^1.0.1:
  version "1.0.1"
  resolved "https://registry.yarnpkg.com/uniq/-/uniq-1.0.1.tgz#b31c5ae8254844a3a8281541ce2b04b865a734ff"
  integrity sha1-sxxa6CVIRKOoKBVBzisEuGWnNP8=
